
Microsoft Visual Studio Solution File, Format Version 12.00
# Visual Studio Version 17
VisualStudioVersion = 17.0.31903.59
MinimumVisualStudioVersion = 10.0.40219.1
Project("{2150E333-8FDC-42A3-9474-1A3956D46DE8}") = "src", "src", "{827E0CD3-B72D-47B6-A68D-7590B98EB39B}"
EndProject
Project("{FAE04EC0-301F-11D3-BF4B-00C04F79EFBC}") = "CMPlus.Domain", "src\CMPlus.Domain\CMPlus.Domain.csproj", "{5F8BA2EB-FFD4-4F3D-8BB7-3DDAD536BA4B}"
EndProject
Project("{FAE04EC0-301F-11D3-BF4B-00C04F79EFBC}") = "CMPlus.Application", "src\CMPlus.Application\CMPlus.Application.csproj", "{2C954FEB-3386-4CD9-8F66-5AB0997C8B4B}"
EndProject
Project("{FAE04EC0-301F-11D3-BF4B-00C04F79EFBC}") = "CMPlus.Infrastructure", "src\CMPlus.Infrastructure\CMPlus.Infrastructure.csproj", "{87C99502-C993-404E-BBAD-B01BB453CA5F}"
EndProject
Project("{FAE04EC0-301F-11D3-BF4B-00C04F79EFBC}") = "CMPlus.WebApi", "src\CMPlus.WebApi\CMPlus.WebApi.csproj", "{D35F2493-5096-4883-B1B3-33ACF3EFA2DC}"
EndProject
Project("{2150E333-8FDC-42A3-9474-1A3956D46DE8}") = "tests", "tests", "{0AB3BF05-4346-4AA6-1389-037BE0695223}"
EndProject
Project("{FAE04EC0-301F-11D3-BF4B-00C04F79EFBC}") = "CMPlus.Domain.Tests", "tests\CMPlus.Domain.Tests\CMPlus.Domain.Tests.csproj", "{E887E99B-2754-49D7-B7A9-4471C4647A97}"
EndProject
Project("{FAE04EC0-301F-11D3-BF4B-00C04F79EFBC}") = "CMPlus.Application.Tests", "tests\CMPlus.Application.Tests\CMPlus.Application.Tests.csproj", "{4B148529-3B86-41E8-BB9C-55D9F3D1B947}"
EndProject
Project("{FAE04EC0-301F-11D3-BF4B-00C04F79EFBC}") = "CMPlus.Integration.Tests", "tests\CMPlus.Integration.Tests\CMPlus.Integration.Tests.csproj", "{400CDB66-A242-4653-B280-84813FC71CCC}"
EndProject
Project("{FAE04EC0-301F-11D3-BF4B-00C04F79EFBC}") = "CMPlus.Architecture.Tests", "tests\CMPlus.Architecture.Tests\CMPlus.Architecture.Tests.csproj", "{37237EFB-8DE6-4AC7-8137-59E7A5BC718C}"
EndProject
Global
	GlobalSection(SolutionConfigurationPlatforms) = preSolution
		Debug|Any CPU = Debug|Any CPU
		Debug|x64 = Debug|x64
		Debug|x86 = Debug|x86
		Release|Any CPU = Release|Any CPU
		Release|x64 = Release|x64
		Release|x86 = Release|x86
	EndGlobalSection
	GlobalSection(ProjectConfigurationPlatforms) = postSolution
		{5F8BA2EB-FFD4-4F3D-8BB7-3DDAD536BA4B}.Debug|Any CPU.ActiveCfg = Debug|Any CPU
		{5F8BA2EB-FFD4-4F3D-8BB7-3DDAD536BA4B}.Debug|Any CPU.Build.0 = Debug|Any CPU
		{5F8BA2EB-FFD4-4F3D-8BB7-3DDAD536BA4B}.Debug|x64.ActiveCfg = Debug|Any CPU
		{5F8BA2EB-FFD4-4F3D-8BB7-3DDAD536BA4B}.Debug|x64.Build.0 = Debug|Any CPU
		{5F8BA2EB-FFD4-4F3D-8BB7-3DDAD536BA4B}.Debug|x86.ActiveCfg = Debug|Any CPU
		{5F8BA2EB-FFD4-4F3D-8BB7-3DDAD536BA4B}.Debug|x86.Build.0 = Debug|Any CPU
		{5F8BA2EB-FFD4-4F3D-8BB7-3DDAD536BA4B}.Release|Any CPU.ActiveCfg = Release|Any CPU
		{5F8BA2EB-FFD4-4F3D-8BB7-3DDAD536BA4B}.Release|Any CPU.Build.0 = Release|Any CPU
		{5F8BA2EB-FFD4-4F3D-8BB7-3DDAD536BA4B}.Release|x64.ActiveCfg = Release|Any CPU
		{5F8BA2EB-FFD4-4F3D-8BB7-3DDAD536BA4B}.Release|x64.Build.0 = Release|Any CPU
		{5F8BA2EB-FFD4-4F3D-8BB7-3DDAD536BA4B}.Release|x86.ActiveCfg = Release|Any CPU
		{5F8BA2EB-FFD4-4F3D-8BB7-3DDAD536BA4B}.Release|x86.Build.0 = Release|Any CPU
		{2C954FEB-3386-4CD9-8F66-5AB0997C8B4B}.Debug|Any CPU.ActiveCfg = Debug|Any CPU
		{2C954FEB-3386-4CD9-8F66-5AB0997C8B4B}.Debug|Any CPU.Build.0 = Debug|Any CPU
		{2C954FEB-3386-4CD9-8F66-5AB0997C8B4B}.Debug|x64.ActiveCfg = Debug|Any CPU
		{2C954FEB-3386-4CD9-8F66-5AB0997C8B4B}.Debug|x64.Build.0 = Debug|Any CPU
		{2C954FEB-3386-4CD9-8F66-5AB0997C8B4B}.Debug|x86.ActiveCfg = Debug|Any CPU
		{2C954FEB-3386-4CD9-8F66-5AB0997C8B4B}.Debug|x86.Build.0 = Debug|Any CPU
		{2C954FEB-3386-4CD9-8F66-5AB0997C8B4B}.Release|Any CPU.ActiveCfg = Release|Any CPU
		{2C954FEB-3386-4CD9-8F66-5AB0997C8B4B}.Release|Any CPU.Build.0 = Release|Any CPU
		{2C954FEB-3386-4CD9-8F66-5AB0997C8B4B}.Release|x64.ActiveCfg = Release|Any CPU
		{2C954FEB-3386-4CD9-8F66-5AB0997C8B4B}.Release|x64.Build.0 = Release|Any CPU
		{2C954FEB-3386-4CD9-8F66-5AB0997C8B4B}.Release|x86.ActiveCfg = Release|Any CPU
		{2C954FEB-3386-4CD9-8F66-5AB0997C8B4B}.Release|x86.Build.0 = Release|Any CPU
		{87C99502-C993-404E-BBAD-B01BB453CA5F}.Debug|Any CPU.ActiveCfg = Debug|Any CPU
		{87C99502-C993-404E-BBAD-B01BB453CA5F}.Debug|Any CPU.Build.0 = Debug|Any CPU
		{87C99502-C993-404E-BBAD-B01BB453CA5F}.Debug|x64.ActiveCfg = Debug|Any CPU
		{87C99502-C993-404E-BBAD-B01BB453CA5F}.Debug|x64.Build.0 = Debug|Any CPU
		{87C99502-C993-404E-BBAD-B01BB453CA5F}.Debug|x86.ActiveCfg = Debug|Any CPU
		{87C99502-C993-404E-BBAD-B01BB453CA5F}.Debug|x86.Build.0 = Debug|Any CPU
		{87C99502-C993-404E-BBAD-B01BB453CA5F}.Release|Any CPU.ActiveCfg = Release|Any CPU
		{87C99502-C993-404E-BBAD-B01BB453CA5F}.Release|Any CPU.Build.0 = Release|Any CPU
		{87C99502-C993-404E-BBAD-B01BB453CA5F}.Release|x64.ActiveCfg = Release|Any CPU
		{87C99502-C993-404E-BBAD-B01BB453CA5F}.Release|x64.Build.0 = Release|Any CPU
		{87C99502-C993-404E-BBAD-B01BB453CA5F}.Release|x86.ActiveCfg = Release|Any CPU
		{87C99502-C993-404E-BBAD-B01BB453CA5F}.Release|x86.Build.0 = Release|Any CPU
		{D35F2493-5096-4883-B1B3-33ACF3EFA2DC}.Debug|Any CPU.ActiveCfg = Debug|Any CPU
		{D35F2493-5096-4883-B1B3-33ACF3EFA2DC}.Debug|Any CPU.Build.0 = Debug|Any CPU
		{D35F2493-5096-4883-B1B3-33ACF3EFA2DC}.Debug|x64.ActiveCfg = Debug|Any CPU
		{D35F2493-5096-4883-B1B3-33ACF3EFA2DC}.Debug|x64.Build.0 = Debug|Any CPU
		{D35F2493-5096-4883-B1B3-33ACF3EFA2DC}.Debug|x86.ActiveCfg = Debug|Any CPU
		{D35F2493-5096-4883-B1B3-33ACF3EFA2DC}.Debug|x86.Build.0 = Debug|Any CPU
		{D35F2493-5096-4883-B1B3-33ACF3EFA2DC}.Release|Any CPU.ActiveCfg = Release|Any CPU
		{D35F2493-5096-4883-B1B3-33ACF3EFA2DC}.Release|Any CPU.Build.0 = Release|Any CPU
		{D35F2493-5096-4883-B1B3-33ACF3EFA2DC}.Release|x64.ActiveCfg = Release|Any CPU
		{D35F2493-5096-4883-B1B3-33ACF3EFA2DC}.Release|x64.Build.0 = Release|Any CPU
		{D35F2493-5096-4883-B1B3-33ACF3EFA2DC}.Release|x86.ActiveCfg = Release|Any CPU
		{D35F2493-5096-4883-B1B3-33ACF3EFA2DC}.Release|x86.Build.0 = Release|Any CPU
		{E887E99B-2754-49D7-B7A9-4471C4647A97}.Debug|Any CPU.ActiveCfg = Debug|Any CPU
		{E887E99B-2754-49D7-B7A9-4471C4647A97}.Debug|Any CPU.Build.0 = Debug|Any CPU
		{E887E99B-2754-49D7-B7A9-4471C4647A97}.Debug|x64.ActiveCfg = Debug|Any CPU
		{E887E99B-2754-49D7-B7A9-4471C4647A97}.Debug|x64.Build.0 = Debug|Any CPU
		{E887E99B-2754-49D7-B7A9-4471C4647A97}.Debug|x86.ActiveCfg = Debug|Any CPU
		{E887E99B-2754-49D7-B7A9-4471C4647A97}.Debug|x86.Build.0 = Debug|Any CPU
		{E887E99B-2754-49D7-B7A9-4471C4647A97}.Release|Any CPU.ActiveCfg = Release|Any CPU
		{E887E99B-2754-49D7-B7A9-4471C4647A97}.Release|Any CPU.Build.0 = Release|Any CPU
		{E887E99B-2754-49D7-B7A9-4471C4647A97}.Release|x64.ActiveCfg = Release|Any CPU
		{E887E99B-2754-49D7-B7A9-4471C4647A97}.Release|x64.Build.0 = Release|Any CPU
		{E887E99B-2754-49D7-B7A9-4471C4647A97}.Release|x86.ActiveCfg = Release|Any CPU
		{E887E99B-2754-49D7-B7A9-4471C4647A97}.Release|x86.Build.0 = Release|Any CPU
		{4B148529-3B86-41E8-BB9C-55D9F3D1B947}.Debug|Any CPU.ActiveCfg = Debug|Any CPU
		{4B148529-3B86-41E8-BB9C-55D9F3D1B947}.Debug|Any CPU.Build.0 = Debug|Any CPU
		{4B148529-3B86-41E8-BB9C-55D9F3D1B947}.Debug|x64.ActiveCfg = Debug|Any CPU
		{4B148529-3B86-41E8-BB9C-55D9F3D1B947}.Debug|x64.Build.0 = Debug|Any CPU
		{4B148529-3B86-41E8-BB9C-55D9F3D1B947}.Debug|x86.ActiveCfg = Debug|Any CPU
		{4B148529-3B86-41E8-BB9C-55D9F3D1B947}.Debug|x86.Build.0 = Debug|Any CPU
		{4B148529-3B86-41E8-BB9C-55D9F3D1B947}.Release|Any CPU.ActiveCfg = Release|Any CPU
		{4B148529-3B86-41E8-BB9C-55D9F3D1B947}.Release|Any CPU.Build.0 = Release|Any CPU
		{4B148529-3B86-41E8-BB9C-55D9F3D1B947}.Release|x64.ActiveCfg = Release|Any CPU
		{4B148529-3B86-41E8-BB9C-55D9F3D1B947}.Release|x64.Build.0 = Release|Any CPU
		{4B148529-3B86-41E8-BB9C-55D9F3D1B947}.Release|x86.ActiveCfg = Release|Any CPU
		{4B148529-3B86-41E8-BB9C-55D9F3D1B947}.Release|x86.Build.0 = Release|Any CPU
		{400CDB66-A242-4653-B280-84813FC71CCC}.Debug|Any CPU.ActiveCfg = Debug|Any CPU
		{400CDB66-A242-4653-B280-84813FC71CCC}.Debug|Any CPU.Build.0 = Debug|Any CPU
		{400CDB66-A242-4653-B280-84813FC71CCC}.Debug|x64.ActiveCfg = Debug|Any CPU
		{400CDB66-A242-4653-B280-84813FC71CCC}.Debug|x64.Build.0 = Debug|Any CPU
		{400CDB66-A242-4653-B280-84813FC71CCC}.Debug|x86.ActiveCfg = Debug|Any CPU
		{400CDB66-A242-4653-B280-84813FC71CCC}.Debug|x86.Build.0 = Debug|Any CPU
		{400CDB66-A242-4653-B280-84813FC71CCC}.Release|Any CPU.ActiveCfg = Release|Any CPU
		{400CDB66-A242-4653-B280-84813FC71CCC}.Release|Any CPU.Build.0 = Release|Any CPU
		{400CDB66-A242-4653-B280-84813FC71CCC}.Release|x64.ActiveCfg = Release|Any CPU
		{400CDB66-A242-4653-B280-84813FC71CCC}.Release|x64.Build.0 = Release|Any CPU
		{400CDB66-A242-4653-B280-84813FC71CCC}.Release|x86.ActiveCfg = Release|Any CPU
		{400CDB66-A242-4653-B280-84813FC71CCC}.Release|x86.Build.0 = Release|Any CPU
		{37237EFB-8DE6-4AC7-8137-59E7A5BC718C}.Debug|Any CPU.ActiveCfg = Debug|Any CPU
		{37237EFB-8DE6-4AC7-8137-59E7A5BC718C}.Debug|Any CPU.Build.0 = Debug|Any CPU
		{37237EFB-8DE6-4AC7-8137-59E7A5BC718C}.Debug|x64.ActiveCfg = Debug|Any CPU
		{37237EFB-8DE6-4AC7-8137-59E7A5BC718C}.Debug|x64.Build.0 = Debug|Any CPU
		{37237EFB-8DE6-4AC7-8137-59E7A5BC718C}.Debug|x86.ActiveCfg = Debug|Any CPU
		{37237EFB-8DE6-4AC7-8137-59E7A5BC718C}.Debug|x86.Build.0 = Debug|Any CPU
		{37237EFB-8DE6-4AC7-8137-59E7A5BC718C}.Release|Any CPU.ActiveCfg = Release|Any CPU
		{37237EFB-8DE6-4AC7-8137-59E7A5BC718C}.Release|Any CPU.Build.0 = Release|Any CPU
		{37237EFB-8DE6-4AC7-8137-59E7A5BC718C}.Release|x64.ActiveCfg = Release|Any CPU
		{37237EFB-8DE6-4AC7-8137-59E7A5BC718C}.Release|x64.Build.0 = Release|Any CPU
		{37237EFB-8DE6-4AC7-8137-59E7A5BC718C}.Release|x86.ActiveCfg = Release|Any CPU
		{37237EFB-8DE6-4AC7-8137-59E7A5BC718C}.Release|x86.Build.0 = Release|Any CPU
	EndGlobalSection
	GlobalSection(SolutionProperties) = preSolution
		HideSolutionNode = FALSE
	EndGlobalSection
	GlobalSection(NestedProjects) = preSolution
		{5F8BA2EB-FFD4-4F3D-8BB7-3DDAD536BA4B} = {827E0CD3-B72D-47B6-A68D-7590B98EB39B}
		{2C954FEB-3386-4CD9-8F66-5AB0997C8B4B} = {827E0CD3-B72D-47B6-A68D-7590B98EB39B}
		{87C99502-C993-404E-BBAD-B01BB453CA5F} = {827E0CD3-B72D-47B6-A68D-7590B98EB39B}
		{D35F2493-5096-4883-B1B3-33ACF3EFA2DC} = {827E0CD3-B72D-47B6-A68D-7590B98EB39B}
		{E887E99B-2754-49D7-B7A9-4471C4647A97} = {0AB3BF05-4346-4AA6-1389-037BE0695223}
		{4B148529-3B86-41E8-BB9C-55D9F3D1B947} = {0AB3BF05-4346-4AA6-1389-037BE0695223}
		{400CDB66-A242-4653-B280-84813FC71CCC} = {0AB3BF05-4346-4AA6-1389-037BE0695223}
		{37237EFB-8DE6-4AC7-8137-59E7A5BC718C} = {0AB3BF05-4346-4AA6-1389-037BE0695223}
	EndGlobalSection
EndGlobal
